
Microsoft Visual Studio Solution File, Format Version 12.00
# Visual Studio Version 17
VisualStudioVersion = 17.14.36616.10
MinimumVisualStudioVersion = 10.0.40219.1
Project("{FAE04EC0-301F-11D3-BF4B-00C04F79EFBC}") = "Span.Culturio.Api", "Span.Culturio.Api\Span.Culturio.Api.csproj", "{1A66717A-EED8-4B98-BB09-8292DAF84E90}"
EndProject
Global
	GlobalSection(SolutionConfigurationPlatforms) = preSolution
		Debug|Any CPU = Debug|Any CPU
		Release|Any CPU = Release|Any CPU
	EndGlobalSection
	GlobalSection(ProjectConfigurationPlatforms) = postSolution
		{1A66717A-EED8-4B98-BB09-8292DAF84E90}.Debug|Any CPU.ActiveCfg = Debug|Any CPU
		{1A66717A-EED8-4B98-BB09-8292DAF84E90}.Debug|Any CPU.Build.0 = Debug|Any CPU
		{1A66717A-EED8-4B98-BB09-8292DAF84E90}.Release|Any CPU.ActiveCfg = Release|Any CPU
		{1A66717A-EED8-4B98-BB09-8292DAF84E90}.Release|Any CPU.Build.0 = Release|Any CPU
	EndGlobalSection
	GlobalSection(SolutionProperties) = preSolution
		HideSolutionNode = FALSE
	EndGlobalSection
	GlobalSection(ExtensibilityGlobals) = postSolution
		SolutionGuid = {2191087F-3E74-4D25-83A5-C684B015E1DB}
	EndGlobalSection
EndGlobal
